// !$*UTF8*$!
{
	archiveVersion = 1;
	classes = {
	};
	objectVersion = 55;
	objects = {

/* Begin PBXBuildFile section */
		110960C728DA1C5A001F0035 /* AppDelegate.swift in Sources */ = {isa = PBXBuildFile; fileRef = 110960C628DA1C5A001F0035 /* AppDelegate.swift */; };
		110960C928DA1C5A001F0035 /* SceneDelegate.swift in Sources */ = {isa = PBXBuildFile; fileRef = 110960C828DA1C5A001F0035 /* SceneDelegate.swift */; };
		110960D028DA1C5C001F0035 /* Assets.xcassets in Resources */ = {isa = PBXBuildFile; fileRef = 110960CF28DA1C5C001F0035 /* Assets.xcassets */; };
		110960D328DA1C5C001F0035 /* LaunchScreen.storyboard in Resources */ = {isa = PBXBuildFile; fileRef = 110960D128DA1C5C001F0035 /* LaunchScreen.storyboard */; };
		110960DD28DA1F04001F0035 /* Designable.swift in Sources */ = {isa = PBXBuildFile; fileRef = 110960DC28DA1F04001F0035 /* Designable.swift */; };
		110960E128DA1F5A001F0035 /* UIWindow+extensions.swift in Sources */ = {isa = PBXBuildFile; fileRef = 110960E028DA1F5A001F0035 /* UIWindow+extensions.swift */; };
		110960E328DA1F77001F0035 /* UIViewController+transitionHandler.swift in Sources */ = {isa = PBXBuildFile; fileRef = 110960E228DA1F77001F0035 /* UIViewController+transitionHandler.swift */; };
		110960E628DA1FDE001F0035 /* TabBarController.swift in Sources */ = {isa = PBXBuildFile; fileRef = 110960E528DA1FDE001F0035 /* TabBarController.swift */; };
		110960E928DA1FF7001F0035 /* TabBarObjects.swift in Sources */ = {isa = PBXBuildFile; fileRef = 110960E828DA1FF7001F0035 /* TabBarObjects.swift */; };
		110960ED28DA2018001F0035 /* NavigationController.swift in Sources */ = {isa = PBXBuildFile; fileRef = 110960EC28DA2018001F0035 /* NavigationController.swift */; };
		110960F028DA2052001F0035 /* AppInitializer.swift in Sources */ = {isa = PBXBuildFile; fileRef = 110960EF28DA2052001F0035 /* AppInitializer.swift */; };
		110960F228DA2065001F0035 /* GlobalRouter.swift in Sources */ = {isa = PBXBuildFile; fileRef = 110960F128DA2065001F0035 /* GlobalRouter.swift */; };
		110960F428DA2082001F0035 /* Globals.swift in Sources */ = {isa = PBXBuildFile; fileRef = 110960F328DA2082001F0035 /* Globals.swift */; };
		110960F628DA20DD001F0035 /* Colors.swift in Sources */ = {isa = PBXBuildFile; fileRef = 110960F528DA20DD001F0035 /* Colors.swift */; };
		1109610628DA2151001F0035 /* LoginPresenter.swift in Sources */ = {isa = PBXBuildFile; fileRef = 110960FB28DA2151001F0035 /* LoginPresenter.swift */; };
		1109610728DA2151001F0035 /* LoginConfigurator.swift in Sources */ = {isa = PBXBuildFile; fileRef = 110960FD28DA2151001F0035 /* LoginConfigurator.swift */; };
		1109610828DA2151001F0035 /* LoginRouterInput.swift in Sources */ = {isa = PBXBuildFile; fileRef = 110960FF28DA2151001F0035 /* LoginRouterInput.swift */; };
		1109610928DA2151001F0035 /* LoginRouter.swift in Sources */ = {isa = PBXBuildFile; fileRef = 1109610028DA2151001F0035 /* LoginRouter.swift */; };
		1109610A28DA2151001F0035 /* LoginViewControllerOutput.swift in Sources */ = {isa = PBXBuildFile; fileRef = 1109610228DA2151001F0035 /* LoginViewControllerOutput.swift */; };
		1109610B28DA2151001F0035 /* LoginViewController.swift in Sources */ = {isa = PBXBuildFile; fileRef = 1109610328DA2151001F0035 /* LoginViewController.swift */; };
		1109610C28DA2151001F0035 /* LoginViewControllerInput.swift in Sources */ = {isa = PBXBuildFile; fileRef = 1109610428DA2151001F0035 /* LoginViewControllerInput.swift */; };
		1109610D28DA2151001F0035 /* LoginViewController.storyboard in Resources */ = {isa = PBXBuildFile; fileRef = 1109610528DA2151001F0035 /* LoginViewController.storyboard */; };
		1109611F28DA21FB001F0035 /* QRScannerConfigurator.swift in Sources */ = {isa = PBXBuildFile; fileRef = 1109611028DA21FB001F0035 /* QRScannerConfigurator.swift */; };
		1109612028DA21FB001F0035 /* QRScannerRouterInput.swift in Sources */ = {isa = PBXBuildFile; fileRef = 1109611228DA21FB001F0035 /* QRScannerRouterInput.swift */; };
		1109612128DA21FB001F0035 /* QRScannerRouter.swift in Sources */ = {isa = PBXBuildFile; fileRef = 1109611328DA21FB001F0035 /* QRScannerRouter.swift */; };
		1109612228DA21FB001F0035 /* QRScannerViewController.storyboard in Resources */ = {isa = PBXBuildFile; fileRef = 1109611528DA21FB001F0035 /* QRScannerViewController.storyboard */; };
		1109612328DA21FB001F0035 /* QRScannerViewControllerInput.swift in Sources */ = {isa = PBXBuildFile; fileRef = 1109611628DA21FB001F0035 /* QRScannerViewControllerInput.swift */; };
		1109612428DA21FB001F0035 /* QRScannerViewControllerOutput.swift in Sources */ = {isa = PBXBuildFile; fileRef = 1109611728DA21FB001F0035 /* QRScannerViewControllerOutput.swift */; };
		1109612528DA21FB001F0035 /* QRScannerViewController.swift in Sources */ = {isa = PBXBuildFile; fileRef = 1109611828DA21FB001F0035 /* QRScannerViewController.swift */; };
		1109612628DA21FB001F0035 /* QRScannerPresenter.swift in Sources */ = {isa = PBXBuildFile; fileRef = 1109611A28DA21FB001F0035 /* QRScannerPresenter.swift */; };
		1109612728DA21FB001F0035 /* QRScannerInteractorInput.swift in Sources */ = {isa = PBXBuildFile; fileRef = 1109611C28DA21FB001F0035 /* QRScannerInteractorInput.swift */; };
		1109612828DA21FB001F0035 /* QRScannerInteractorOutput.swift in Sources */ = {isa = PBXBuildFile; fileRef = 1109611D28DA21FB001F0035 /* QRScannerInteractorOutput.swift */; };
		1109612928DA21FB001F0035 /* QRScannerInteractor.swift in Sources */ = {isa = PBXBuildFile; fileRef = 1109611E28DA21FB001F0035 /* QRScannerInteractor.swift */; };
		1109615D28DA223A001F0035 /* ChatbotViewController.swift in Sources */ = {isa = PBXBuildFile; fileRef = 1109612C28DA2239001F0035 /* ChatbotViewController.swift */; };
		1109615E28DA223A001F0035 /* ChatbotViewControllerInput.swift in Sources */ = {isa = PBXBuildFile; fileRef = 1109612D28DA2239001F0035 /* ChatbotViewControllerInput.swift */; };
		1109615F28DA223A001F0035 /* ChatbotViewController.storyboard in Resources */ = {isa = PBXBuildFile; fileRef = 1109612E28DA2239001F0035 /* ChatbotViewController.storyboard */; };
		1109616028DA223A001F0035 /* ChatbotViewControllerOutput.swift in Sources */ = {isa = PBXBuildFile; fileRef = 1109612F28DA2239001F0035 /* ChatbotViewControllerOutput.swift */; };
		1109616128DA223A001F0035 /* ChatbotPresenter.swift in Sources */ = {isa = PBXBuildFile; fileRef = 1109613128DA2239001F0035 /* ChatbotPresenter.swift */; };
		1109616228DA223A001F0035 /* ChatbotConfigurator.swift in Sources */ = {isa = PBXBuildFile; fileRef = 1109613328DA2239001F0035 /* ChatbotConfigurator.swift */; };
		1109616328DA223A001F0035 /* ChatbotRouter.swift in Sources */ = {isa = PBXBuildFile; fileRef = 1109613528DA2239001F0035 /* ChatbotRouter.swift */; };
		1109616428DA223A001F0035 /* ChatbotRouterInput.swift in Sources */ = {isa = PBXBuildFile; fileRef = 1109613628DA2239001F0035 /* ChatbotRouterInput.swift */; };
		1109616528DA223A001F0035 /* ChatbotInteractor.swift in Sources */ = {isa = PBXBuildFile; fileRef = 1109613828DA2239001F0035 /* ChatbotInteractor.swift */; };
		1109616628DA223A001F0035 /* ChatbotInteractorOutput.swift in Sources */ = {isa = PBXBuildFile; fileRef = 1109613928DA2239001F0035 /* ChatbotInteractorOutput.swift */; };
		1109616728DA223A001F0035 /* ChatbotInteractorInput.swift in Sources */ = {isa = PBXBuildFile; fileRef = 1109613A28DA2239001F0035 /* ChatbotInteractorInput.swift */; };
		1109616828DA223A001F0035 /* MenuPresenter.swift in Sources */ = {isa = PBXBuildFile; fileRef = 1109613D28DA2239001F0035 /* MenuPresenter.swift */; };
		1109616928DA223A001F0035 /* MenuInteractorOutput.swift in Sources */ = {isa = PBXBuildFile; fileRef = 1109613F28DA2239001F0035 /* MenuInteractorOutput.swift */; };
		1109616A28DA223A001F0035 /* MenuInteractorInput.swift in Sources */ = {isa = PBXBuildFile; fileRef = 1109614028DA2239001F0035 /* MenuInteractorInput.swift */; };
		1109616B28DA223A001F0035 /* MenuInteractor.swift in Sources */ = {isa = PBXBuildFile; fileRef = 1109614128DA2239001F0035 /* MenuInteractor.swift */; };
		1109616C28DA223A001F0035 /* MenuRouter.swift in Sources */ = {isa = PBXBuildFile; fileRef = 1109614328DA2239001F0035 /* MenuRouter.swift */; };
		1109616D28DA223A001F0035 /* MenuRouterInput.swift in Sources */ = {isa = PBXBuildFile; fileRef = 1109614428DA2239001F0035 /* MenuRouterInput.swift */; };
		1109616E28DA223A001F0035 /* MenuConfigurator.swift in Sources */ = {isa = PBXBuildFile; fileRef = 1109614628DA2239001F0035 /* MenuConfigurator.swift */; };
		1109616F28DA223A001F0035 /* MenuViewControllerInput.swift in Sources */ = {isa = PBXBuildFile; fileRef = 1109614828DA2239001F0035 /* MenuViewControllerInput.swift */; };
		1109617028DA223A001F0035 /* MenuViewController.storyboard in Resources */ = {isa = PBXBuildFile; fileRef = 1109614928DA2239001F0035 /* MenuViewController.storyboard */; };
		1109617128DA223A001F0035 /* MenuViewControllerOutput.swift in Sources */ = {isa = PBXBuildFile; fileRef = 1109614A28DA2239001F0035 /* MenuViewControllerOutput.swift */; };
		1109617228DA223A001F0035 /* MenuViewController.swift in Sources */ = {isa = PBXBuildFile; fileRef = 1109614B28DA2239001F0035 /* MenuViewController.swift */; };
		1109617328DA223A001F0035 /* ProfilePresenter.swift in Sources */ = {isa = PBXBuildFile; fileRef = 1109614E28DA2239001F0035 /* ProfilePresenter.swift */; };
		1109617428DA223A001F0035 /* ProfileConfigurator.swift in Sources */ = {isa = PBXBuildFile; fileRef = 1109615028DA2239001F0035 /* ProfileConfigurator.swift */; };
		1109617528DA223A001F0035 /* ProfileViewControllerInput.swift in Sources */ = {isa = PBXBuildFile; fileRef = 1109615228DA2239001F0035 /* ProfileViewControllerInput.swift */; };
		1109617628DA223A001F0035 /* ProfileViewController.storyboard in Resources */ = {isa = PBXBuildFile; fileRef = 1109615328DA2239001F0035 /* ProfileViewController.storyboard */; };
		1109617728DA223A001F0035 /* ProfileViewControllerOutput.swift in Sources */ = {isa = PBXBuildFile; fileRef = 1109615428DA2239001F0035 /* ProfileViewControllerOutput.swift */; };
		1109617828DA223A001F0035 /* ProfileViewController.swift in Sources */ = {isa = PBXBuildFile; fileRef = 1109615528DA2239001F0035 /* ProfileViewController.swift */; };
		1109617928DA223A001F0035 /* ProfileInteractorOutput.swift in Sources */ = {isa = PBXBuildFile; fileRef = 1109615728DA2239001F0035 /* ProfileInteractorOutput.swift */; };
		1109617A28DA223A001F0035 /* ProfileInteractorInput.swift in Sources */ = {isa = PBXBuildFile; fileRef = 1109615828DA2239001F0035 /* ProfileInteractorInput.swift */; };
		1109617B28DA223A001F0035 /* ProfileInteractor.swift in Sources */ = {isa = PBXBuildFile; fileRef = 1109615928DA2239001F0035 /* ProfileInteractor.swift */; };
		1109617C28DA223A001F0035 /* ProfileRouter.swift in Sources */ = {isa = PBXBuildFile; fileRef = 1109615B28DA2239001F0035 /* ProfileRouter.swift */; };
		1109617D28DA223A001F0035 /* ProfileRouterInput.swift in Sources */ = {isa = PBXBuildFile; fileRef = 1109615C28DA223A001F0035 /* ProfileRouterInput.swift */; };
		118FC5BA28E0785000D9820A /* MenuStoriesLayout.swift in Sources */ = {isa = PBXBuildFile; fileRef = 118FC5B928E0785000D9820A /* MenuStoriesLayout.swift */; };
		118FC5BC28E078CB00D9820A /* MenuCatalogLayout.swift in Sources */ = {isa = PBXBuildFile; fileRef = 118FC5BB28E078CB00D9820A /* MenuCatalogLayout.swift */; };
		118FC5BE28E07A4100D9820A /* SectionLayoutable.swift in Sources */ = {isa = PBXBuildFile; fileRef = 118FC5BD28E07A4100D9820A /* SectionLayoutable.swift */; };
		118FC5C328E07C4200D9820A /* StoryCell.swift in Sources */ = {isa = PBXBuildFile; fileRef = 118FC5C228E07C4200D9820A /* StoryCell.swift */; };
		118FC5C728E0840100D9820A /* StoryCellModel.swift in Sources */ = {isa = PBXBuildFile; fileRef = 118FC5C628E0840100D9820A /* StoryCellModel.swift */; };
		118FC5CC28E0873100D9820A /* UICollectionReusableView+extension.swift in Sources */ = {isa = PBXBuildFile; fileRef = 118FC5CB28E0873100D9820A /* UICollectionReusableView+extension.swift */; };
		118FC5F228E2F0FE00D9820A /* CategoryCell.swift in Sources */ = {isa = PBXBuildFile; fileRef = 118FC5F128E2F0FE00D9820A /* CategoryCell.swift */; };
		118FC5F428E2F22900D9820A /* MenuCollectionViewModel.swift in Sources */ = {isa = PBXBuildFile; fileRef = 118FC5F328E2F22900D9820A /* MenuCollectionViewModel.swift */; };
		118FC5F628E2F25000D9820A /* CategoryCellModel.swift in Sources */ = {isa = PBXBuildFile; fileRef = 118FC5F528E2F25000D9820A /* CategoryCellModel.swift */; };
		11937F8528E9B64500224DB9 /* Mock.swift in Sources */ = {isa = PBXBuildFile; fileRef = 11937F8428E9B64500224DB9 /* Mock.swift */; };
		11937F8828E9B99600224DB9 /* ChatInboxCell.swift in Sources */ = {isa = PBXBuildFile; fileRef = 11937F8728E9B99600224DB9 /* ChatInboxCell.swift */; };
		11937F8A28E9BA5500224DB9 /* ChatInboxCell.xib in Resources */ = {isa = PBXBuildFile; fileRef = 11937F8928E9BA5500224DB9 /* ChatInboxCell.xib */; };
		11937F9E28ED896000224DB9 /* ChatOutboxCell.swift in Sources */ = {isa = PBXBuildFile; fileRef = 11937F9D28ED896000224DB9 /* ChatOutboxCell.swift */; };
		11937FA028ED896C00224DB9 /* ChatOutboxCell.xib in Resources */ = {isa = PBXBuildFile; fileRef = 11937F9F28ED896C00224DB9 /* ChatOutboxCell.xib */; };
		11937FA428ED8C0C00224DB9 /* MessageModel.swift in Sources */ = {isa = PBXBuildFile; fileRef = 11937FA328ED8C0C00224DB9 /* MessageModel.swift */; };
		11937FA628ED9E5D00224DB9 /* UITableView+extension.swift in Sources */ = {isa = PBXBuildFile; fileRef = 11937FA528ED9E5D00224DB9 /* UITableView+extension.swift */; };
		3B738862ECDC2279B5D4075A /* Pods_HotelDesk.framework in Frameworks */ = {isa = PBXBuildFile; fileRef = FBA8036EAE8F6F65E4C709C6 /* Pods_HotelDesk.framework */; };
/* End PBXBuildFile section */

/* Begin PBXFileReference section */
		110960C328DA1C5A001F0035 /* HotelDesk.app */ = {isa = PBXFileReference; explicitFileType = wrapper.application; includeInIndex = 0; path = HotelDesk.app; sourceTree = BUILT_PRODUCTS_DIR; };
		110960C628DA1C5A001F0035 /* AppDelegate.swift */ = {isa = PBXFileReference; lastKnownFileType = sourcecode.swift; path = AppDelegate.swift; sourceTree = "<group>"; };
		110960C828DA1C5A001F0035 /* SceneDelegate.swift */ = {isa = PBXFileReference; lastKnownFileType = sourcecode.swift; path = SceneDelegate.swift; sourceTree = "<group>"; };
		110960CF28DA1C5C001F0035 /* Assets.xcassets */ = {isa = PBXFileReference; lastKnownFileType = folder.assetcatalog; path = Assets.xcassets; sourceTree = "<group>"; };
		110960D228DA1C5C001F0035 /* Base */ = {isa = PBXFileReference; lastKnownFileType = file.storyboard; name = Base; path = Base.lproj/LaunchScreen.storyboard; sourceTree = "<group>"; };
		110960D428DA1C5C001F0035 /* Info.plist */ = {isa = PBXFileReference; lastKnownFileType = text.plist.xml; path = Info.plist; sourceTree = "<group>"; };
		110960DC28DA1F04001F0035 /* Designable.swift */ = {isa = PBXFileReference; lastKnownFileType = sourcecode.swift; path = Designable.swift; sourceTree = "<group>"; };
		110960E028DA1F5A001F0035 /* UIWindow+extensions.swift */ = {isa = PBXFileReference; lastKnownFileType = sourcecode.swift; path = "UIWindow+extensions.swift"; sourceTree = "<group>"; };
		110960E228DA1F77001F0035 /* UIViewController+transitionHandler.swift */ = {isa = PBXFileReference; lastKnownFileType = sourcecode.swift; path = "UIViewController+transitionHandler.swift"; sourceTree = "<group>"; };
		110960E528DA1FDE001F0035 /* TabBarController.swift */ = {isa = PBXFileReference; lastKnownFileType = sourcecode.swift; path = TabBarController.swift; sourceTree = "<group>"; };
		110960E828DA1FF7001F0035 /* TabBarObjects.swift */ = {isa = PBXFileReference; lastKnownFileType = sourcecode.swift; path = TabBarObjects.swift; sourceTree = "<group>"; };
		110960EC28DA2018001F0035 /* NavigationController.swift */ = {isa = PBXFileReference; lastKnownFileType = sourcecode.swift; path = NavigationController.swift; sourceTree = "<group>"; };
		110960EF28DA2052001F0035 /* AppInitializer.swift */ = {isa = PBXFileReference; lastKnownFileType = sourcecode.swift; path = AppInitializer.swift; sourceTree = "<group>"; };
		110960F128DA2065001F0035 /* GlobalRouter.swift */ = {isa = PBXFileReference; lastKnownFileType = sourcecode.swift; path = GlobalRouter.swift; sourceTree = "<group>"; };
		110960F328DA2082001F0035 /* Globals.swift */ = {isa = PBXFileReference; lastKnownFileType = sourcecode.swift; path = Globals.swift; sourceTree = "<group>"; };
		110960F528DA20DD001F0035 /* Colors.swift */ = {isa = PBXFileReference; lastKnownFileType = sourcecode.swift; path = Colors.swift; sourceTree = "<group>"; };
		110960FB28DA2151001F0035 /* LoginPresenter.swift */ = {isa = PBXFileReference; fileEncoding = 4; lastKnownFileType = sourcecode.swift; path = LoginPresenter.swift; sourceTree = "<group>"; };
		110960FD28DA2151001F0035 /* LoginConfigurator.swift */ = {isa = PBXFileReference; fileEncoding = 4; lastKnownFileType = sourcecode.swift; path = LoginConfigurator.swift; sourceTree = "<group>"; };
		110960FF28DA2151001F0035 /* LoginRouterInput.swift */ = {isa = PBXFileReference; fileEncoding = 4; lastKnownFileType = sourcecode.swift; path = LoginRouterInput.swift; sourceTree = "<group>"; };
		1109610028DA2151001F0035 /* LoginRouter.swift */ = {isa = PBXFileReference; fileEncoding = 4; lastKnownFileType = sourcecode.swift; path = LoginRouter.swift; sourceTree = "<group>"; };
		1109610228DA2151001F0035 /* LoginViewControllerOutput.swift */ = {isa = PBXFileReference; fileEncoding = 4; lastKnownFileType = sourcecode.swift; path = LoginViewControllerOutput.swift; sourceTree = "<group>"; };
		1109610328DA2151001F0035 /* LoginViewController.swift */ = {isa = PBXFileReference; fileEncoding = 4; lastKnownFileType = sourcecode.swift; path = LoginViewController.swift; sourceTree = "<group>"; };
		1109610428DA2151001F0035 /* LoginViewControllerInput.swift */ = {isa = PBXFileReference; fileEncoding = 4; lastKnownFileType = sourcecode.swift; path = LoginViewControllerInput.swift; sourceTree = "<group>"; };
		1109610528DA2151001F0035 /* LoginViewController.storyboard */ = {isa = PBXFileReference; fileEncoding = 4; lastKnownFileType = file.storyboard; path = LoginViewController.storyboard; sourceTree = "<group>"; };
		1109611028DA21FB001F0035 /* QRScannerConfigurator.swift */ = {isa = PBXFileReference; fileEncoding = 4; lastKnownFileType = sourcecode.swift; path = QRScannerConfigurator.swift; sourceTree = "<group>"; };
		1109611228DA21FB001F0035 /* QRScannerRouterInput.swift */ = {isa = PBXFileReference; fileEncoding = 4; lastKnownFileType = sourcecode.swift; path = QRScannerRouterInput.swift; sourceTree = "<group>"; };
		1109611328DA21FB001F0035 /* QRScannerRouter.swift */ = {isa = PBXFileReference; fileEncoding = 4; lastKnownFileType = sourcecode.swift; path = QRScannerRouter.swift; sourceTree = "<group>"; };
		1109611528DA21FB001F0035 /* QRScannerViewController.storyboard */ = {isa = PBXFileReference; fileEncoding = 4; lastKnownFileType = file.storyboard; path = QRScannerViewController.storyboard; sourceTree = "<group>"; };
		1109611628DA21FB001F0035 /* QRScannerViewControllerInput.swift */ = {isa = PBXFileReference; fileEncoding = 4; lastKnownFileType = sourcecode.swift; path = QRScannerViewControllerInput.swift; sourceTree = "<group>"; };
		1109611728DA21FB001F0035 /* QRScannerViewControllerOutput.swift */ = {isa = PBXFileReference; fileEncoding = 4; lastKnownFileType = sourcecode.swift; path = QRScannerViewControllerOutput.swift; sourceTree = "<group>"; };
		1109611828DA21FB001F0035 /* QRScannerViewController.swift */ = {isa = PBXFileReference; fileEncoding = 4; lastKnownFileType = sourcecode.swift; path = QRScannerViewController.swift; sourceTree = "<group>"; };
		1109611A28DA21FB001F0035 /* QRScannerPresenter.swift */ = {isa = PBXFileReference; fileEncoding = 4; lastKnownFileType = sourcecode.swift; path = QRScannerPresenter.swift; sourceTree = "<group>"; };
		1109611C28DA21FB001F0035 /* QRScannerInteractorInput.swift */ = {isa = PBXFileReference; fileEncoding = 4; lastKnownFileType = sourcecode.swift; path = QRScannerInteractorInput.swift; sourceTree = "<group>"; };
		1109611D28DA21FB001F0035 /* QRScannerInteractorOutput.swift */ = {isa = PBXFileReference; fileEncoding = 4; lastKnownFileType = sourcecode.swift; path = QRScannerInteractorOutput.swift; sourceTree = "<group>"; };
		1109611E28DA21FB001F0035 /* QRScannerInteractor.swift */ = {isa = PBXFileReference; fileEncoding = 4; lastKnownFileType = sourcecode.swift; path = QRScannerInteractor.swift; sourceTree = "<group>"; };
		1109612C28DA2239001F0035 /* ChatbotViewController.swift */ = {isa = PBXFileReference; fileEncoding = 4; lastKnownFileType = sourcecode.swift; path = ChatbotViewController.swift; sourceTree = "<group>"; };
		1109612D28DA2239001F0035 /* ChatbotViewControllerInput.swift */ = {isa = PBXFileReference; fileEncoding = 4; lastKnownFileType = sourcecode.swift; path = ChatbotViewControllerInput.swift; sourceTree = "<group>"; };
		1109612E28DA2239001F0035 /* ChatbotViewController.storyboard */ = {isa = PBXFileReference; fileEncoding = 4; lastKnownFileType = file.storyboard; path = ChatbotViewController.storyboard; sourceTree = "<group>"; };
		1109612F28DA2239001F0035 /* ChatbotViewControllerOutput.swift */ = {isa = PBXFileReference; fileEncoding = 4; lastKnownFileType = sourcecode.swift; path = ChatbotViewControllerOutput.swift; sourceTree = "<group>"; };
		1109613128DA2239001F0035 /* ChatbotPresenter.swift */ = {isa = PBXFileReference; fileEncoding = 4; lastKnownFileType = sourcecode.swift; path = ChatbotPresenter.swift; sourceTree = "<group>"; };
		1109613328DA2239001F0035 /* ChatbotConfigurator.swift */ = {isa = PBXFileReference; fileEncoding = 4; lastKnownFileType = sourcecode.swift; path = ChatbotConfigurator.swift; sourceTree = "<group>"; };
		1109613528DA2239001F0035 /* ChatbotRouter.swift */ = {isa = PBXFileReference; fileEncoding = 4; lastKnownFileType = sourcecode.swift; path = ChatbotRouter.swift; sourceTree = "<group>"; };
		1109613628DA2239001F0035 /* ChatbotRouterInput.swift */ = {isa = PBXFileReference; fileEncoding = 4; lastKnownFileType = sourcecode.swift; path = ChatbotRouterInput.swift; sourceTree = "<group>"; };
		1109613828DA2239001F0035 /* ChatbotInteractor.swift */ = {isa = PBXFileReference; fileEncoding = 4; lastKnownFileType = sourcecode.swift; path = ChatbotInteractor.swift; sourceTree = "<group>"; };
		1109613928DA2239001F0035 /* ChatbotInteractorOutput.swift */ = {isa = PBXFileReference; fileEncoding = 4; lastKnownFileType = sourcecode.swift; path = ChatbotInteractorOutput.swift; sourceTree = "<group>"; };
		1109613A28DA2239001F0035 /* ChatbotInteractorInput.swift */ = {isa = PBXFileReference; fileEncoding = 4; lastKnownFileType = sourcecode.swift; path = ChatbotInteractorInput.swift; sourceTree = "<group>"; };
		1109613D28DA2239001F0035 /* MenuPresenter.swift */ = {isa = PBXFileReference; fileEncoding = 4; lastKnownFileType = sourcecode.swift; path = MenuPresenter.swift; sourceTree = "<group>"; };
		1109613F28DA2239001F0035 /* MenuInteractorOutput.swift */ = {isa = PBXFileReference; fileEncoding = 4; lastKnownFileType = sourcecode.swift; path = MenuInteractorOutput.swift; sourceTree = "<group>"; };
		1109614028DA2239001F0035 /* MenuInteractorInput.swift */ = {isa = PBXFileReference; fileEncoding = 4; lastKnownFileType = sourcecode.swift; path = MenuInteractorInput.swift; sourceTree = "<group>"; };
		1109614128DA2239001F0035 /* MenuInteractor.swift */ = {isa = PBXFileReference; fileEncoding = 4; lastKnownFileType = sourcecode.swift; path = MenuInteractor.swift; sourceTree = "<group>"; };
		1109614328DA2239001F0035 /* MenuRouter.swift */ = {isa = PBXFileReference; fileEncoding = 4; lastKnownFileType = sourcecode.swift; path = MenuRouter.swift; sourceTree = "<group>"; };
		1109614428DA2239001F0035 /* MenuRouterInput.swift */ = {isa = PBXFileReference; fileEncoding = 4; lastKnownFileType = sourcecode.swift; path = MenuRouterInput.swift; sourceTree = "<group>"; };
		1109614628DA2239001F0035 /* MenuConfigurator.swift */ = {isa = PBXFileReference; fileEncoding = 4; lastKnownFileType = sourcecode.swift; path = MenuConfigurator.swift; sourceTree = "<group>"; };
		1109614828DA2239001F0035 /* MenuViewControllerInput.swift */ = {isa = PBXFileReference; fileEncoding = 4; lastKnownFileType = sourcecode.swift; path = MenuViewControllerInput.swift; sourceTree = "<group>"; };
		1109614928DA2239001F0035 /* MenuViewController.storyboard */ = {isa = PBXFileReference; fileEncoding = 4; lastKnownFileType = file.storyboard; path = MenuViewController.storyboard; sourceTree = "<group>"; };
		1109614A28DA2239001F0035 /* MenuViewControllerOutput.swift */ = {isa = PBXFileReference; fileEncoding = 4; lastKnownFileType = sourcecode.swift; path = MenuViewControllerOutput.swift; sourceTree = "<group>"; };
		1109614B28DA2239001F0035 /* MenuViewController.swift */ = {isa = PBXFileReference; fileEncoding = 4; lastKnownFileType = sourcecode.swift; path = MenuViewController.swift; sourceTree = "<group>"; };
		1109614E28DA2239001F0035 /* ProfilePresenter.swift */ = {isa = PBXFileReference; fileEncoding = 4; lastKnownFileType = sourcecode.swift; path = ProfilePresenter.swift; sourceTree = "<group>"; };
		1109615028DA2239001F0035 /* ProfileConfigurator.swift */ = {isa = PBXFileReference; fileEncoding = 4; lastKnownFileType = sourcecode.swift; path = ProfileConfigurator.swift; sourceTree = "<group>"; };
		1109615228DA2239001F0035 /* ProfileViewControllerInput.swift */ = {isa = PBXFileReference; fileEncoding = 4; lastKnownFileType = sourcecode.swift; path = ProfileViewControllerInput.swift; sourceTree = "<group>"; };
		1109615328DA2239001F0035 /* ProfileViewController.storyboard */ = {isa = PBXFileReference; fileEncoding = 4; lastKnownFileType = file.storyboard; path = ProfileViewController.storyboard; sourceTree = "<group>"; };
		1109615428DA2239001F0035 /* ProfileViewControllerOutput.swift */ = {isa = PBXFileReference; fileEncoding = 4; lastKnownFileType = sourcecode.swift; path = ProfileViewControllerOutput.swift; sourceTree = "<group>"; };
		1109615528DA2239001F0035 /* ProfileViewController.swift */ = {isa = PBXFileReference; fileEncoding = 4; lastKnownFileType = sourcecode.swift; path = ProfileViewController.swift; sourceTree = "<group>"; };
		1109615728DA2239001F0035 /* ProfileInteractorOutput.swift */ = {isa = PBXFileReference; fileEncoding = 4; lastKnownFileType = sourcecode.swift; path = ProfileInteractorOutput.swift; sourceTree = "<group>"; };
		1109615828DA2239001F0035 /* ProfileInteractorInput.swift */ = {isa = PBXFileReference; fileEncoding = 4; lastKnownFileType = sourcecode.swift; path = ProfileInteractorInput.swift; sourceTree = "<group>"; };
		1109615928DA2239001F0035 /* ProfileInteractor.swift */ = {isa = PBXFileReference; fileEncoding = 4; lastKnownFileType = sourcecode.swift; path = ProfileInteractor.swift; sourceTree = "<group>"; };
		1109615B28DA2239001F0035 /* ProfileRouter.swift */ = {isa = PBXFileReference; fileEncoding = 4; lastKnownFileType = sourcecode.swift; path = ProfileRouter.swift; sourceTree = "<group>"; };
		1109615C28DA223A001F0035 /* ProfileRouterInput.swift */ = {isa = PBXFileReference; fileEncoding = 4; lastKnownFileType = sourcecode.swift; path = ProfileRouterInput.swift; sourceTree = "<group>"; };
		118FC5B928E0785000D9820A /* MenuStoriesLayout.swift */ = {isa = PBXFileReference; lastKnownFileType = sourcecode.swift; path = MenuStoriesLayout.swift; sourceTree = "<group>"; };
		118FC5BB28E078CB00D9820A /* MenuCatalogLayout.swift */ = {isa = PBXFileReference; lastKnownFileType = sourcecode.swift; path = MenuCatalogLayout.swift; sourceTree = "<group>"; };
		118FC5BD28E07A4100D9820A /* SectionLayoutable.swift */ = {isa = PBXFileReference; lastKnownFileType = sourcecode.swift; path = SectionLayoutable.swift; sourceTree = "<group>"; };
		118FC5C228E07C4200D9820A /* StoryCell.swift */ = {isa = PBXFileReference; lastKnownFileType = sourcecode.swift; path = StoryCell.swift; sourceTree = "<group>"; };
		118FC5C628E0840100D9820A /* StoryCellModel.swift */ = {isa = PBXFileReference; lastKnownFileType = sourcecode.swift; path = StoryCellModel.swift; sourceTree = "<group>"; };
		118FC5CB28E0873100D9820A /* UICollectionReusableView+extension.swift */ = {isa = PBXFileReference; lastKnownFileType = sourcecode.swift; path = "UICollectionReusableView+extension.swift"; sourceTree = "<group>"; };
		118FC5F128E2F0FE00D9820A /* CategoryCell.swift */ = {isa = PBXFileReference; lastKnownFileType = sourcecode.swift; path = CategoryCell.swift; sourceTree = "<group>"; };
		118FC5F328E2F22900D9820A /* MenuCollectionViewModel.swift */ = {isa = PBXFileReference; lastKnownFileType = sourcecode.swift; path = MenuCollectionViewModel.swift; sourceTree = "<group>"; };
		118FC5F528E2F25000D9820A /* CategoryCellModel.swift */ = {isa = PBXFileReference; lastKnownFileType = sourcecode.swift; path = CategoryCellModel.swift; sourceTree = "<group>"; };
		11937F8428E9B64500224DB9 /* Mock.swift */ = {isa = PBXFileReference; lastKnownFileType = sourcecode.swift; path = Mock.swift; sourceTree = "<group>"; };
		11937F8728E9B99600224DB9 /* ChatInboxCell.swift */ = {isa = PBXFileReference; lastKnownFileType = sourcecode.swift; path = ChatInboxCell.swift; sourceTree = "<group>"; };
		11937F8928E9BA5500224DB9 /* ChatInboxCell.xib */ = {isa = PBXFileReference; lastKnownFileType = file.xib; path = ChatInboxCell.xib; sourceTree = "<group>"; };
		11937F9D28ED896000224DB9 /* ChatOutboxCell.swift */ = {isa = PBXFileReference; lastKnownFileType = sourcecode.swift; path = ChatOutboxCell.swift; sourceTree = "<group>"; };
		11937F9F28ED896C00224DB9 /* ChatOutboxCell.xib */ = {isa = PBXFileReference; lastKnownFileType = file.xib; path = ChatOutboxCell.xib; sourceTree = "<group>"; };
		11937FA328ED8C0C00224DB9 /* MessageModel.swift */ = {isa = PBXFileReference; lastKnownFileType = sourcecode.swift; path = MessageModel.swift; sourceTree = "<group>"; };
		11937FA528ED9E5D00224DB9 /* UITableView+extension.swift */ = {isa = PBXFileReference; lastKnownFileType = sourcecode.swift; path = "UITableView+extension.swift"; sourceTree = "<group>"; };
		36F58A5DE73B771C23879AEE /* Pods-HotelDesk.debug.xcconfig */ = {isa = PBXFileReference; includeInIndex = 1; lastKnownFileType = text.xcconfig; name = "Pods-HotelDesk.debug.xcconfig"; path = "Target Support Files/Pods-HotelDesk/Pods-HotelDesk.debug.xcconfig"; sourceTree = "<group>"; };
		CE65B1768F4FFD6E4B39B978 /* Pods-HotelDesk.release.xcconfig */ = {isa = PBXFileReference; includeInIndex = 1; lastKnownFileType = text.xcconfig; name = "Pods-HotelDesk.release.xcconfig"; path = "Target Support Files/Pods-HotelDesk/Pods-HotelDesk.release.xcconfig"; sourceTree = "<group>"; };
		FBA8036EAE8F6F65E4C709C6 /* Pods_HotelDesk.framework */ = {isa = PBXFileReference; explicitFileType = wrapper.framework; includeInIndex = 0; path = Pods_HotelDesk.framework; sourceTree = BUILT_PRODUCTS_DIR; };
/* End PBXFileReference section */

/* Begin PBXFrameworksBuildPhase section */
		110960C028DA1C5A001F0035 /* Frameworks */ = {
			isa = PBXFrameworksBuildPhase;
			buildActionMask = 2147483647;
			files = (
				3B738862ECDC2279B5D4075A /* Pods_HotelDesk.framework in Frameworks */,
			);
			runOnlyForDeploymentPostprocessing = 0;
		};
/* End PBXFrameworksBuildPhase section */

/* Begin PBXGroup section */
		110960BA28DA1C5A001F0035 = {
			isa = PBXGroup;
			children = (
				110960C528DA1C5A001F0035 /* HotelDesk */,
				110960C428DA1C5A001F0035 /* Products */,
				87E87C8155B97C8AC28C6936 /* Pods */,
				55AE9F96DDF7AAEB8B59DB41 /* Frameworks */,
			);
			sourceTree = "<group>";
		};
		110960C428DA1C5A001F0035 /* Products */ = {
			isa = PBXGroup;
			children = (
				110960C328DA1C5A001F0035 /* HotelDesk.app */,
			);
			name = Products;
			sourceTree = "<group>";
		};
		110960C528DA1C5A001F0035 /* HotelDesk */ = {
			isa = PBXGroup;
			children = (
				110960DE28DA1F2A001F0035 /* AppLayer */,
				110960EE28DA203E001F0035 /* ServiceLayer */,
				110960DA28DA1D53001F0035 /* Supporting+files */,
			);
			path = HotelDesk;
			sourceTree = "<group>";
		};
		110960DA28DA1D53001F0035 /* Supporting+files */ = {
			isa = PBXGroup;
			children = (
				110960C628DA1C5A001F0035 /* AppDelegate.swift */,
				110960C828DA1C5A001F0035 /* SceneDelegate.swift */,
				110960CF28DA1C5C001F0035 /* Assets.xcassets */,
				110960D128DA1C5C001F0035 /* LaunchScreen.storyboard */,
				110960D428DA1C5C001F0035 /* Info.plist */,
				110960F528DA20DD001F0035 /* Colors.swift */,
			);
			path = "Supporting+files";
			sourceTree = "<group>";
		};
		110960DB28DA1EEA001F0035 /* Views */ = {
			isa = PBXGroup;
			children = (
				110960DC28DA1F04001F0035 /* Designable.swift */,
			);
			path = Views;
			sourceTree = "<group>";
		};
		110960DE28DA1F2A001F0035 /* AppLayer */ = {
			isa = PBXGroup;
			children = (
				118FC5B828E0783F00D9820A /* Layouts */,
				110960DB28DA1EEA001F0035 /* Views */,
				110960F828DA212E001F0035 /* Modules */,
				110960F728DA2127001F0035 /* Cells */,
				110960E428DA1FCC001F0035 /* Helpers */,
				110960DF28DA1F45001F0035 /* Extensions */,
			);
			path = AppLayer;
			sourceTree = "<group>";
		};
		110960DF28DA1F45001F0035 /* Extensions */ = {
			isa = PBXGroup;
			children = (
				110960E028DA1F5A001F0035 /* UIWindow+extensions.swift */,
				110960E228DA1F77001F0035 /* UIViewController+transitionHandler.swift */,
				118FC5CB28E0873100D9820A /* UICollectionReusableView+extension.swift */,
				11937FA528ED9E5D00224DB9 /* UITableView+extension.swift */,
			);
			path = Extensions;
			sourceTree = "<group>";
		};
		110960E428DA1FCC001F0035 /* Helpers */ = {
			isa = PBXGroup;
			children = (
				110960EB28DA200E001F0035 /* NavigationController */,
				110960EA28DA1FFD001F0035 /* TabBarController */,
				118FC5BD28E07A4100D9820A /* SectionLayoutable.swift */,
			);
			path = Helpers;
			sourceTree = "<group>";
		};
		110960EA28DA1FFD001F0035 /* TabBarController */ = {
			isa = PBXGroup;
			children = (
				110960E528DA1FDE001F0035 /* TabBarController.swift */,
				110960E828DA1FF7001F0035 /* TabBarObjects.swift */,
			);
			path = TabBarController;
			sourceTree = "<group>";
		};
		110960EB28DA200E001F0035 /* NavigationController */ = {
			isa = PBXGroup;
			children = (
				110960EC28DA2018001F0035 /* NavigationController.swift */,
			);
			path = NavigationController;
			sourceTree = "<group>";
		};
		110960EE28DA203E001F0035 /* ServiceLayer */ = {
			isa = PBXGroup;
			children = (
				118FC5F728E30F1000D9820A /* Models */,
				110960EF28DA2052001F0035 /* AppInitializer.swift */,
				110960F128DA2065001F0035 /* GlobalRouter.swift */,
				110960F328DA2082001F0035 /* Globals.swift */,
				11937F8428E9B64500224DB9 /* Mock.swift */,
			);
			path = ServiceLayer;
			sourceTree = "<group>";
		};
		110960F728DA2127001F0035 /* Cells */ = {
			isa = PBXGroup;
			children = (
				11937F9C28ED892B00224DB9 /* ChatOutboxCell */,
				11937F8628E9B97900224DB9 /* ChatInboxCell */,
				118FC5F028E2F0E800D9820A /* CategoryCell */,
				118FC5C128E07C2700D9820A /* StoriesCell */,
			);
			path = Cells;
			sourceTree = "<group>";
		};
		110960F828DA212E001F0035 /* Modules */ = {
			isa = PBXGroup;
			children = (
				110960F928DA2151001F0035 /* Login */,
				1109610E28DA21FB001F0035 /* QRScanner */,
				1109612A28DA2239001F0035 /* Chatbot */,
				1109613B28DA2239001F0035 /* Menu */,
				1109614C28DA2239001F0035 /* Profile */,
			);
			path = Modules;
			sourceTree = "<group>";
		};
		110960F928DA2151001F0035 /* Login */ = {
			isa = PBXGroup;
			children = (
				110960FA28DA2151001F0035 /* LoginPresenter */,
				110960FC28DA2151001F0035 /* LoginConfigurator */,
				110960FE28DA2151001F0035 /* LoginRouter */,
				1109610128DA2151001F0035 /* LoginViewController */,
			);
			path = Login;
			sourceTree = "<group>";
		};
		110960FA28DA2151001F0035 /* LoginPresenter */ = {
			isa = PBXGroup;
			children = (
				110960FB28DA2151001F0035 /* LoginPresenter.swift */,
			);
			path = LoginPresenter;
			sourceTree = "<group>";
		};
		110960FC28DA2151001F0035 /* LoginConfigurator */ = {
			isa = PBXGroup;
			children = (
				110960FD28DA2151001F0035 /* LoginConfigurator.swift */,
			);
			path = LoginConfigurator;
			sourceTree = "<group>";
		};
		110960FE28DA2151001F0035 /* LoginRouter */ = {
			isa = PBXGroup;
			children = (
				110960FF28DA2151001F0035 /* LoginRouterInput.swift */,
				1109610028DA2151001F0035 /* LoginRouter.swift */,
			);
			path = LoginRouter;
			sourceTree = "<group>";
		};
		1109610128DA2151001F0035 /* LoginViewController */ = {
			isa = PBXGroup;
			children = (
				1109610228DA2151001F0035 /* LoginViewControllerOutput.swift */,
				1109610328DA2151001F0035 /* LoginViewController.swift */,
				1109610428DA2151001F0035 /* LoginViewControllerInput.swift */,
				1109610528DA2151001F0035 /* LoginViewController.storyboard */,
			);
			path = LoginViewController;
			sourceTree = "<group>";
		};
		1109610E28DA21FB001F0035 /* QRScanner */ = {
			isa = PBXGroup;
			children = (
				1109611428DA21FB001F0035 /* QRScannerViewController */,
				1109611928DA21FB001F0035 /* QRScannerPresenter */,
				1109611B28DA21FB001F0035 /* QRScannerInteractor */,
				1109611128DA21FB001F0035 /* QRScannerRouter */,
				1109610F28DA21FB001F0035 /* QRScannerConfigurator */,
			);
			path = QRScanner;
			sourceTree = "<group>";
		};
		1109610F28DA21FB001F0035 /* QRScannerConfigurator */ = {
			isa = PBXGroup;
			children = (
				1109611028DA21FB001F0035 /* QRScannerConfigurator.swift */,
			);
			path = QRScannerConfigurator;
			sourceTree = "<group>";
		};
		1109611128DA21FB001F0035 /* QRScannerRouter */ = {
			isa = PBXGroup;
			children = (
				1109611228DA21FB001F0035 /* QRScannerRouterInput.swift */,
				1109611328DA21FB001F0035 /* QRScannerRouter.swift */,
			);
			path = QRScannerRouter;
			sourceTree = "<group>";
		};
		1109611428DA21FB001F0035 /* QRScannerViewController */ = {
			isa = PBXGroup;
			children = (
				1109611528DA21FB001F0035 /* QRScannerViewController.storyboard */,
				1109611628DA21FB001F0035 /* QRScannerViewControllerInput.swift */,
				1109611728DA21FB001F0035 /* QRScannerViewControllerOutput.swift */,
				1109611828DA21FB001F0035 /* QRScannerViewController.swift */,
			);
			path = QRScannerViewController;
			sourceTree = "<group>";
		};
		1109611928DA21FB001F0035 /* QRScannerPresenter */ = {
			isa = PBXGroup;
			children = (
				1109611A28DA21FB001F0035 /* QRScannerPresenter.swift */,
			);
			path = QRScannerPresenter;
			sourceTree = "<group>";
		};
		1109611B28DA21FB001F0035 /* QRScannerInteractor */ = {
			isa = PBXGroup;
			children = (
				1109611C28DA21FB001F0035 /* QRScannerInteractorInput.swift */,
				1109611D28DA21FB001F0035 /* QRScannerInteractorOutput.swift */,
				1109611E28DA21FB001F0035 /* QRScannerInteractor.swift */,
			);
			path = QRScannerInteractor;
			sourceTree = "<group>";
		};
		1109612A28DA2239001F0035 /* Chatbot */ = {
			isa = PBXGroup;
			children = (
				1109612B28DA2239001F0035 /* ChatbotViewController */,
				1109613028DA2239001F0035 /* ChatbotPresenter */,
				1109613428DA2239001F0035 /* ChatbotRouter */,
				1109613728DA2239001F0035 /* ChatbotInteractor */,
				1109613228DA2239001F0035 /* ChatbotConfigurator */,
			);
			path = Chatbot;
			sourceTree = "<group>";
		};
		1109612B28DA2239001F0035 /* ChatbotViewController */ = {
			isa = PBXGroup;
			children = (
				1109612C28DA2239001F0035 /* ChatbotViewController.swift */,
				1109612D28DA2239001F0035 /* ChatbotViewControllerInput.swift */,
				1109612E28DA2239001F0035 /* ChatbotViewController.storyboard */,
				1109612F28DA2239001F0035 /* ChatbotViewControllerOutput.swift */,
			);
			path = ChatbotViewController;
			sourceTree = "<group>";
		};
		1109613028DA2239001F0035 /* ChatbotPresenter */ = {
			isa = PBXGroup;
			children = (
				1109613128DA2239001F0035 /* ChatbotPresenter.swift */,
			);
			path = ChatbotPresenter;
			sourceTree = "<group>";
		};
		1109613228DA2239001F0035 /* ChatbotConfigurator */ = {
			isa = PBXGroup;
			children = (
				1109613328DA2239001F0035 /* ChatbotConfigurator.swift */,
			);
			path = ChatbotConfigurator;
			sourceTree = "<group>";
		};
		1109613428DA2239001F0035 /* ChatbotRouter */ = {
			isa = PBXGroup;
			children = (
				1109613528DA2239001F0035 /* ChatbotRouter.swift */,
				1109613628DA2239001F0035 /* ChatbotRouterInput.swift */,
			);
			path = ChatbotRouter;
			sourceTree = "<group>";
		};
		1109613728DA2239001F0035 /* ChatbotInteractor */ = {
			isa = PBXGroup;
			children = (
				1109613828DA2239001F0035 /* ChatbotInteractor.swift */,
				1109613928DA2239001F0035 /* ChatbotInteractorOutput.swift */,
				1109613A28DA2239001F0035 /* ChatbotInteractorInput.swift */,
			);
			path = ChatbotInteractor;
			sourceTree = "<group>";
		};
		1109613B28DA2239001F0035 /* Menu */ = {
			isa = PBXGroup;
			children = (
				1109614728DA2239001F0035 /* MenuViewController */,
				1109613C28DA2239001F0035 /* MenuPresenter */,
				1109613E28DA2239001F0035 /* MenuInteractor */,
				1109614228DA2239001F0035 /* MenuRouter */,
				1109614528DA2239001F0035 /* MenuConfigurator */,
			);
			path = Menu;
			sourceTree = "<group>";
		};
		1109613C28DA2239001F0035 /* MenuPresenter */ = {
			isa = PBXGroup;
			children = (
				1109613D28DA2239001F0035 /* MenuPresenter.swift */,
			);
			path = MenuPresenter;
			sourceTree = "<group>";
		};
		1109613E28DA2239001F0035 /* MenuInteractor */ = {
			isa = PBXGroup;
			children = (
				1109613F28DA2239001F0035 /* MenuInteractorOutput.swift */,
				1109614028DA2239001F0035 /* MenuInteractorInput.swift */,
				1109614128DA2239001F0035 /* MenuInteractor.swift */,
			);
			path = MenuInteractor;
			sourceTree = "<group>";
		};
		1109614228DA2239001F0035 /* MenuRouter */ = {
			isa = PBXGroup;
			children = (
				1109614328DA2239001F0035 /* MenuRouter.swift */,
				1109614428DA2239001F0035 /* MenuRouterInput.swift */,
			);
			path = MenuRouter;
			sourceTree = "<group>";
		};
		1109614528DA2239001F0035 /* MenuConfigurator */ = {
			isa = PBXGroup;
			children = (
				1109614628DA2239001F0035 /* MenuConfigurator.swift */,
			);
			path = MenuConfigurator;
			sourceTree = "<group>";
		};
		1109614728DA2239001F0035 /* MenuViewController */ = {
			isa = PBXGroup;
			children = (
				1109614828DA2239001F0035 /* MenuViewControllerInput.swift */,
				1109614928DA2239001F0035 /* MenuViewController.storyboard */,
				1109614A28DA2239001F0035 /* MenuViewControllerOutput.swift */,
				1109614B28DA2239001F0035 /* MenuViewController.swift */,
			);
			path = MenuViewController;
			sourceTree = "<group>";
		};
		1109614C28DA2239001F0035 /* Profile */ = {
			isa = PBXGroup;
			children = (
				1109615128DA2239001F0035 /* ProfileViewController */,
				1109614D28DA2239001F0035 /* ProfilePresenter */,
				1109615628DA2239001F0035 /* ProfileInteractor */,
				1109615A28DA2239001F0035 /* ProfileRouter */,
				1109614F28DA2239001F0035 /* ProfileConfigurator */,
			);
			path = Profile;
			sourceTree = "<group>";
		};
		1109614D28DA2239001F0035 /* ProfilePresenter */ = {
			isa = PBXGroup;
			children = (
				1109614E28DA2239001F0035 /* ProfilePresenter.swift */,
			);
			path = ProfilePresenter;
			sourceTree = "<group>";
		};
		1109614F28DA2239001F0035 /* ProfileConfigurator */ = {
			isa = PBXGroup;
			children = (
				1109615028DA2239001F0035 /* ProfileConfigurator.swift */,
			);
			path = ProfileConfigurator;
			sourceTree = "<group>";
		};
		1109615128DA2239001F0035 /* ProfileViewController */ = {
			isa = PBXGroup;
			children = (
				1109615228DA2239001F0035 /* ProfileViewControllerInput.swift */,
				1109615328DA2239001F0035 /* ProfileViewController.storyboard */,
				1109615428DA2239001F0035 /* ProfileViewControllerOutput.swift */,
				1109615528DA2239001F0035 /* ProfileViewController.swift */,
			);
			path = ProfileViewController;
			sourceTree = "<group>";
		};
		1109615628DA2239001F0035 /* ProfileInteractor */ = {
			isa = PBXGroup;
			children = (
				1109615728DA2239001F0035 /* ProfileInteractorOutput.swift */,
				1109615828DA2239001F0035 /* ProfileInteractorInput.swift */,
				1109615928DA2239001F0035 /* ProfileInteractor.swift */,
			);
			path = ProfileInteractor;
			sourceTree = "<group>";
		};
		1109615A28DA2239001F0035 /* ProfileRouter */ = {
			isa = PBXGroup;
			children = (
				1109615B28DA2239001F0035 /* ProfileRouter.swift */,
				1109615C28DA223A001F0035 /* ProfileRouterInput.swift */,
			);
			path = ProfileRouter;
			sourceTree = "<group>";
		};
		118FC5B828E0783F00D9820A /* Layouts */ = {
			isa = PBXGroup;
			children = (
				118FC5B928E0785000D9820A /* MenuStoriesLayout.swift */,
				118FC5BB28E078CB00D9820A /* MenuCatalogLayout.swift */,
			);
			path = Layouts;
			sourceTree = "<group>";
		};
		118FC5C128E07C2700D9820A /* StoriesCell */ = {
			isa = PBXGroup;
			children = (
				118FC5C228E07C4200D9820A /* StoryCell.swift */,
				118FC5C628E0840100D9820A /* StoryCellModel.swift */,
			);
			path = StoriesCell;
			sourceTree = "<group>";
		};
		118FC5F028E2F0E800D9820A /* CategoryCell */ = {
			isa = PBXGroup;
			children = (
				118FC5F128E2F0FE00D9820A /* CategoryCell.swift */,
				118FC5F528E2F25000D9820A /* CategoryCellModel.swift */,
			);
			path = CategoryCell;
			sourceTree = "<group>";
		};
		118FC5F728E30F1000D9820A /* Models */ = {
			isa = PBXGroup;
			children = (
				118FC5F328E2F22900D9820A /* MenuCollectionViewModel.swift */,
				11937FA328ED8C0C00224DB9 /* MessageModel.swift */,
			);
			path = Models;
			sourceTree = "<group>";
		};
		11937F8628E9B97900224DB9 /* ChatInboxCell */ = {
			isa = PBXGroup;
			children = (
				11937F8728E9B99600224DB9 /* ChatInboxCell.swift */,
				11937F8928E9BA5500224DB9 /* ChatInboxCell.xib */,
			);
			path = ChatInboxCell;
			sourceTree = "<group>";
		};
		11937F9C28ED892B00224DB9 /* ChatOutboxCell */ = {
			isa = PBXGroup;
			children = (
				11937F9D28ED896000224DB9 /* ChatOutboxCell.swift */,
				11937F9F28ED896C00224DB9 /* ChatOutboxCell.xib */,
			);
			path = ChatOutboxCell;
			sourceTree = "<group>";
		};
		55AE9F96DDF7AAEB8B59DB41 /* Frameworks */ = {
			isa = PBXGroup;
			children = (
				FBA8036EAE8F6F65E4C709C6 /* Pods_HotelDesk.framework */,
			);
			name = Frameworks;
			sourceTree = "<group>";
		};
		87E87C8155B97C8AC28C6936 /* Pods */ = {
			isa = PBXGroup;
			children = (
				36F58A5DE73B771C23879AEE /* Pods-HotelDesk.debug.xcconfig */,
				CE65B1768F4FFD6E4B39B978 /* Pods-HotelDesk.release.xcconfig */,
			);
			path = Pods;
			sourceTree = "<group>";
		};
/* End PBXGroup section */

/* Begin PBXNativeTarget section */
		110960C228DA1C5A001F0035 /* HotelDesk */ = {
			isa = PBXNativeTarget;
			buildConfigurationList = 110960D728DA1C5C001F0035 /* Build configuration list for PBXNativeTarget "HotelDesk" */;
			buildPhases = (
				E709DBCC78CACA0E1A54CA88 /* [CP] Check Pods Manifest.lock */,
				110960BF28DA1C5A001F0035 /* Sources */,
				110960C028DA1C5A001F0035 /* Frameworks */,
				110960C128DA1C5A001F0035 /* Resources */,
				9E3B2544647033B45321E719 /* [CP] Embed Pods Frameworks */,
			);
			buildRules = (
			);
			dependencies = (
			);
			name = HotelDesk;
			productName = HotelDesk;
			productReference = 110960C328DA1C5A001F0035 /* HotelDesk.app */;
			productType = "com.apple.product-type.application";
		};
/* End PBXNativeTarget section */

/* Begin PBXProject section */
		110960BB28DA1C5A001F0035 /* Project object */ = {
			isa = PBXProject;
			attributes = {
				BuildIndependentTargetsInParallel = 1;
				LastSwiftUpdateCheck = 1340;
				LastUpgradeCheck = 1340;
				TargetAttributes = {
					110960C228DA1C5A001F0035 = {
						CreatedOnToolsVersion = 13.4.1;
					};
				};
			};
			buildConfigurationList = 110960BE28DA1C5A001F0035 /* Build configuration list for PBXProject "HotelDesk" */;
			compatibilityVersion = "Xcode 13.0";
			developmentRegion = en;
			hasScannedForEncodings = 0;
			knownRegions = (
				en,
				Base,
			);
			mainGroup = 110960BA28DA1C5A001F0035;
			productRefGroup = 110960C428DA1C5A001F0035 /* Products */;
			projectDirPath = "";
			projectRoot = "";
			targets = (
				110960C228DA1C5A001F0035 /* HotelDesk */,
			);
		};
/* End PBXProject section */

/* Begin PBXResourcesBuildPhase section */
		110960C128DA1C5A001F0035 /* Resources */ = {
			isa = PBXResourcesBuildPhase;
			buildActionMask = 2147483647;
			files = (
				11937FA028ED896C00224DB9 /* ChatOutboxCell.xib in Resources */,
				1109610D28DA2151001F0035 /* LoginViewController.storyboard in Resources */,
				1109617628DA223A001F0035 /* ProfileViewController.storyboard in Resources */,
				11937F8A28E9BA5500224DB9 /* ChatInboxCell.xib in Resources */,
				1109615F28DA223A001F0035 /* ChatbotViewController.storyboard in Resources */,
				1109617028DA223A001F0035 /* MenuViewController.storyboard in Resources */,
				1109612228DA21FB001F0035 /* QRScannerViewController.storyboard in Resources */,
				110960D328DA1C5C001F0035 /* LaunchScreen.storyboard in Resources */,
				110960D028DA1C5C001F0035 /* Assets.xcassets in Resources */,
			);
			runOnlyForDeploymentPostprocessing = 0;
		};
/* End PBXResourcesBuildPhase section */

/* Begin PBXShellScriptBuildPhase section */
		9E3B2544647033B45321E719 /* [CP] Embed Pods Frameworks */ = {
			isa = PBXShellScriptBuildPhase;
			buildActionMask = 2147483647;
			files = (
			);
			inputFileListPaths = (
				"${PODS_ROOT}/Target Support Files/Pods-HotelDesk/Pods-HotelDesk-frameworks-${CONFIGURATION}-input-files.xcfilelist",
			);
			name = "[CP] Embed Pods Frameworks";
			outputFileListPaths = (
				"${PODS_ROOT}/Target Support Files/Pods-HotelDesk/Pods-HotelDesk-frameworks-${CONFIGURATION}-output-files.xcfilelist",
			);
			runOnlyForDeploymentPostprocessing = 0;
			shellPath = /bin/sh;
			shellScript = "\"${PODS_ROOT}/Target Support Files/Pods-HotelDesk/Pods-HotelDesk-frameworks.sh\"\n";
			showEnvVarsInLog = 0;
		};
		E709DBCC78CACA0E1A54CA88 /* [CP] Check Pods Manifest.lock */ = {
			isa = PBXShellScriptBuildPhase;
			buildActionMask = 2147483647;
			files = (
			);
			inputFileListPaths = (
			);
			inputPaths = (
				"${PODS_PODFILE_DIR_PATH}/Podfile.lock",
				"${PODS_ROOT}/Manifest.lock",
			);
			name = "[CP] Check Pods Manifest.lock";
			outputFileListPaths = (
			);
			outputPaths = (
				"$(DERIVED_FILE_DIR)/Pods-HotelDesk-checkManifestLockResult.txt",
			);
			runOnlyForDeploymentPostprocessing = 0;
			shellPath = /bin/sh;
			shellScript = "diff \"${PODS_PODFILE_DIR_PATH}/Podfile.lock\" \"${PODS_ROOT}/Manifest.lock\" > /dev/null\nif [ $? != 0 ] ; then\n    # print error to STDERR\n    echo \"error: The sandbox is not in sync with the Podfile.lock. Run 'pod install' or update your CocoaPods installation.\" >&2\n    exit 1\nfi\n# This output is used by Xcode 'outputs' to avoid re-running this script phase.\necho \"SUCCESS\" > \"${SCRIPT_OUTPUT_FILE_0}\"\n";
			showEnvVarsInLog = 0;
		};
/* End PBXShellScriptBuildPhase section */

/* Begin PBXSourcesBuildPhase section */
		110960BF28DA1C5A001F0035 /* Sources */ = {
			isa = PBXSourcesBuildPhase;
			buildActionMask = 2147483647;
			files = (
				1109615D28DA223A001F0035 /* ChatbotViewController.swift in Sources */,
				1109616F28DA223A001F0035 /* MenuViewControllerInput.swift in Sources */,
				1109616B28DA223A001F0035 /* MenuInteractor.swift in Sources */,
				11937F9E28ED896000224DB9 /* ChatOutboxCell.swift in Sources */,
				1109617228DA223A001F0035 /* MenuViewController.swift in Sources */,
				1109617728DA223A001F0035 /* ProfileViewControllerOutput.swift in Sources */,
				118FC5CC28E0873100D9820A /* UICollectionReusableView+extension.swift in Sources */,
				1109610B28DA2151001F0035 /* LoginViewController.swift in Sources */,
				118FC5BC28E078CB00D9820A /* MenuCatalogLayout.swift in Sources */,
				1109617D28DA223A001F0035 /* ProfileRouterInput.swift in Sources */,
				1109617828DA223A001F0035 /* ProfileViewController.swift in Sources */,
				118FC5C328E07C4200D9820A /* StoryCell.swift in Sources */,
				1109610728DA2151001F0035 /* LoginConfigurator.swift in Sources */,
				118FC5C728E0840100D9820A /* StoryCellModel.swift in Sources */,
				1109616828DA223A001F0035 /* MenuPresenter.swift in Sources */,
				11937F8528E9B64500224DB9 /* Mock.swift in Sources */,
				1109617428DA223A001F0035 /* ProfileConfigurator.swift in Sources */,
				110960C728DA1C5A001F0035 /* AppDelegate.swift in Sources */,
				110960F628DA20DD001F0035 /* Colors.swift in Sources */,
				11937F8828E9B99600224DB9 /* ChatInboxCell.swift in Sources */,
				1109612128DA21FB001F0035 /* QRScannerRouter.swift in Sources */,
				1109616228DA223A001F0035 /* ChatbotConfigurator.swift in Sources */,
				1109616728DA223A001F0035 /* ChatbotInteractorInput.swift in Sources */,
				1109612528DA21FB001F0035 /* QRScannerViewController.swift in Sources */,
				1109610C28DA2151001F0035 /* LoginViewControllerInput.swift in Sources */,
				1109610828DA2151001F0035 /* LoginRouterInput.swift in Sources */,
				110960F228DA2065001F0035 /* GlobalRouter.swift in Sources */,
				1109612728DA21FB001F0035 /* QRScannerInteractorInput.swift in Sources */,
				110960ED28DA2018001F0035 /* NavigationController.swift in Sources */,
				1109617328DA223A001F0035 /* ProfilePresenter.swift in Sources */,
				1109617C28DA223A001F0035 /* ProfileRouter.swift in Sources */,
				1109610928DA2151001F0035 /* LoginRouter.swift in Sources */,
				110960E128DA1F5A001F0035 /* UIWindow+extensions.swift in Sources */,
				1109616328DA223A001F0035 /* ChatbotRouter.swift in Sources */,
				118FC5F228E2F0FE00D9820A /* CategoryCell.swift in Sources */,
				11937FA428ED8C0C00224DB9 /* MessageModel.swift in Sources */,
				110960C928DA1C5A001F0035 /* SceneDelegate.swift in Sources */,
				1109617928DA223A001F0035 /* ProfileInteractorOutput.swift in Sources */,
				110960F428DA2082001F0035 /* Globals.swift in Sources */,
				1109617B28DA223A001F0035 /* ProfileInteractor.swift in Sources */,
				1109616A28DA223A001F0035 /* MenuInteractorInput.swift in Sources */,
				1109617528DA223A001F0035 /* ProfileViewControllerInput.swift in Sources */,
				1109616D28DA223A001F0035 /* MenuRouterInput.swift in Sources */,
				118FC5BE28E07A4100D9820A /* SectionLayoutable.swift in Sources */,
				11937FA628ED9E5D00224DB9 /* UITableView+extension.swift in Sources */,
				1109610A28DA2151001F0035 /* LoginViewControllerOutput.swift in Sources */,
				118FC5F628E2F25000D9820A /* CategoryCellModel.swift in Sources */,
				1109616928DA223A001F0035 /* MenuInteractorOutput.swift in Sources */,
				1109616628DA223A001F0035 /* ChatbotInteractorOutput.swift in Sources */,
				110960F028DA2052001F0035 /* AppInitializer.swift in Sources */,
				1109617A28DA223A001F0035 /* ProfileInteractorInput.swift in Sources */,
				1109612628DA21FB001F0035 /* QRScannerPresenter.swift in Sources */,
				1109616028DA223A001F0035 /* ChatbotViewControllerOutput.swift in Sources */,
				1109617128DA223A001F0035 /* MenuViewControllerOutput.swift in Sources */,
				118FC5BA28E0785000D9820A /* MenuStoriesLayout.swift in Sources */,
				1109610628DA2151001F0035 /* LoginPresenter.swift in Sources */,
				118FC5F428E2F22900D9820A /* MenuCollectionViewModel.swift in Sources */,
				1109612828DA21FB001F0035 /* QRScannerInteractorOutput.swift in Sources */,
				1109616528DA223A001F0035 /* ChatbotInteractor.swift in Sources */,
				110960E928DA1FF7001F0035 /* TabBarObjects.swift in Sources */,
				1109616428DA223A001F0035 /* ChatbotRouterInput.swift in Sources */,
				1109616128DA223A001F0035 /* ChatbotPresenter.swift in Sources */,
				110960E628DA1FDE001F0035 /* TabBarController.swift in Sources */,
				1109612028DA21FB001F0035 /* QRScannerRouterInput.swift in Sources */,
				1109612928DA21FB001F0035 /* QRScannerInteractor.swift in Sources */,
				1109612428DA21FB001F0035 /* QRScannerViewControllerOutput.swift in Sources */,
				110960DD28DA1F04001F0035 /* Designable.swift in Sources */,
				1109612328DA21FB001F0035 /* QRScannerViewControllerInput.swift in Sources */,
				1109616E28DA223A001F0035 /* MenuConfigurator.swift in Sources */,
				1109611F28DA21FB001F0035 /* QRScannerConfigurator.swift in Sources */,
				1109616C28DA223A001F0035 /* MenuRouter.swift in Sources */,
				1109615E28DA223A001F0035 /* ChatbotViewControllerInput.swift in Sources */,
				110960E328DA1F77001F0035 /* UIViewController+transitionHandler.swift in Sources */,
			);
			runOnlyForDeploymentPostprocessing = 0;
		};
/* End PBXSourcesBuildPhase section */

/* Begin PBXVariantGroup section */
		110960D128DA1C5C001F0035 /* LaunchScreen.storyboard */ = {
			isa = PBXVariantGroup;
			children = (
				110960D228DA1C5C001F0035 /* Base */,
			);
			name = LaunchScreen.storyboard;
			sourceTree = "<group>";
		};
/* End PBXVariantGroup section */

/* Begin XCBuildConfiguration section */
		110960D528DA1C5C001F0035 /* Debug */ = {
			isa = XCBuildConfiguration;
			buildSettings = {
				ALWAYS_SEARCH_USER_PATHS = NO;
				CLANG_ANALYZER_NONNULL = YES;
				CLANG_ANALYZER_NUMBER_OBJECT_CONVERSION = YES_AGGRESSIVE;
				CLANG_CXX_LANGUAGE_STANDARD = "gnu++17";
				CLANG_ENABLE_MODULES = YES;
				CLANG_ENABLE_OBJC_ARC = YES;
				CLANG_ENABLE_OBJC_WEAK = YES;
				CLANG_WARN_BLOCK_CAPTURE_AUTORELEASING = YES;
				CLANG_WARN_BOOL_CONVERSION = YES;
				CLANG_WARN_COMMA = YES;
				CLANG_WARN_CONSTANT_CONVERSION = YES;
				CLANG_WARN_DEPRECATED_OBJC_IMPLEMENTATIONS = YES;
				CLANG_WARN_DIRECT_OBJC_ISA_USAGE = YES_ERROR;
				CLANG_WARN_DOCUMENTATION_COMMENTS = YES;
				CLANG_WARN_EMPTY_BODY = YES;
				CLANG_WARN_ENUM_CONVERSION = YES;
				CLANG_WARN_INFINITE_RECURSION = YES;
				CLANG_WARN_INT_CONVERSION = YES;
				CLANG_WARN_NON_LITERAL_NULL_CONVERSION = YES;
				CLANG_WARN_OBJC_IMPLICIT_RETAIN_SELF = YES;
				CLANG_WARN_OBJC_LITERAL_CONVERSION = YES;
				CLANG_WARN_OBJC_ROOT_CLASS = YES_ERROR;
				CLANG_WARN_QUOTED_INCLUDE_IN_FRAMEWORK_HEADER = YES;
				CLANG_WARN_RANGE_LOOP_ANALYSIS = YES;
				CLANG_WARN_STRICT_PROTOTYPES = YES;
				CLANG_WARN_SUSPICIOUS_MOVE = YES;
				CLANG_WARN_UNGUARDED_AVAILABILITY = YES_AGGRESSIVE;
				CLANG_WARN_UNREACHABLE_CODE = YES;
				CLANG_WARN__DUPLICATE_METHOD_MATCH = YES;
				COPY_PHASE_STRIP = NO;
				DEBUG_INFORMATION_FORMAT = dwarf;
				ENABLE_STRICT_OBJC_MSGSEND = YES;
				ENABLE_TESTABILITY = YES;
				GCC_C_LANGUAGE_STANDARD = gnu11;
				GCC_DYNAMIC_NO_PIC = NO;
				GCC_NO_COMMON_BLOCKS = YES;
				GCC_OPTIMIZATION_LEVEL = 0;
				GCC_PREPROCESSOR_DEFINITIONS = (
					"DEBUG=1",
					"$(inherited)",
				);
				GCC_WARN_64_TO_32_BIT_CONVERSION = YES;
				GCC_WARN_ABOUT_RETURN_TYPE = YES_ERROR;
				GCC_WARN_UNDECLARED_SELECTOR = YES;
				GCC_WARN_UNINITIALIZED_AUTOS = YES_AGGRESSIVE;
				GCC_WARN_UNUSED_FUNCTION = YES;
				GCC_WARN_UNUSED_VARIABLE = YES;
				IPHONEOS_DEPLOYMENT_TARGET = 15.5;
				MTL_ENABLE_DEBUG_INFO = INCLUDE_SOURCE;
				MTL_FAST_MATH = YES;
				ONLY_ACTIVE_ARCH = YES;
				SDKROOT = iphoneos;
				SWIFT_ACTIVE_COMPILATION_CONDITIONS = DEBUG;
				SWIFT_OPTIMIZATION_LEVEL = "-Onone";
			};
			name = Debug;
		};
		110960D628DA1C5C001F0035 /* Release */ = {
			isa = XCBuildConfiguration;
			buildSettings = {
				ALWAYS_SEARCH_USER_PATHS = NO;
				CLANG_ANALYZER_NONNULL = YES;
				CLANG_ANALYZER_NUMBER_OBJECT_CONVERSION = YES_AGGRESSIVE;
				CLANG_CXX_LANGUAGE_STANDARD = "gnu++17";
				CLANG_ENABLE_MODULES = YES;
				CLANG_ENABLE_OBJC_ARC = YES;
				CLANG_ENABLE_OBJC_WEAK = YES;
				CLANG_WARN_BLOCK_CAPTURE_AUTORELEASING = YES;
				CLANG_WARN_BOOL_CONVERSION = YES;
				CLANG_WARN_COMMA = YES;
				CLANG_WARN_CONSTANT_CONVERSION = YES;
				CLANG_WARN_DEPRECATED_OBJC_IMPLEMENTATIONS = YES;
				CLANG_WARN_DIRECT_OBJC_ISA_USAGE = YES_ERROR;
				CLANG_WARN_DOCUMENTATION_COMMENTS = YES;
				CLANG_WARN_EMPTY_BODY = YES;
				CLANG_WARN_ENUM_CONVERSION = YES;
				CLANG_WARN_INFINITE_RECURSION = YES;
				CLANG_WARN_INT_CONVERSION = YES;
				CLANG_WARN_NON_LITERAL_NULL_CONVERSION = YES;
				CLANG_WARN_OBJC_IMPLICIT_RETAIN_SELF = YES;
				CLANG_WARN_OBJC_LITERAL_CONVERSION = YES;
				CLANG_WARN_OBJC_ROOT_CLASS = YES_ERROR;
				CLANG_WARN_QUOTED_INCLUDE_IN_FRAMEWORK_HEADER = YES;
				CLANG_WARN_RANGE_LOOP_ANALYSIS = YES;
				CLANG_WARN_STRICT_PROTOTYPES = YES;
				CLANG_WARN_SUSPICIOUS_MOVE = YES;
				CLANG_WARN_UNGUARDED_AVAILABILITY = YES_AGGRESSIVE;
				CLANG_WARN_UNREACHABLE_CODE = YES;
				CLANG_WARN__DUPLICATE_METHOD_MATCH = YES;
				COPY_PHASE_STRIP = NO;
				DEBUG_INFORMATION_FORMAT = "dwarf-with-dsym";
				ENABLE_NS_ASSERTIONS = NO;
				ENABLE_STRICT_OBJC_MSGSEND = YES;
				GCC_C_LANGUAGE_STANDARD = gnu11;
				GCC_NO_COMMON_BLOCKS = YES;
				GCC_WARN_64_TO_32_BIT_CONVERSION = YES;
				GCC_WARN_ABOUT_RETURN_TYPE = YES_ERROR;
				GCC_WARN_UNDECLARED_SELECTOR = YES;
				GCC_WARN_UNINITIALIZED_AUTOS = YES_AGGRESSIVE;
				GCC_WARN_UNUSED_FUNCTION = YES;
				GCC_WARN_UNUSED_VARIABLE = YES;
				IPHONEOS_DEPLOYMENT_TARGET = 15.5;
				MTL_ENABLE_DEBUG_INFO = NO;
				MTL_FAST_MATH = YES;
				SDKROOT = iphoneos;
				SWIFT_COMPILATION_MODE = wholemodule;
				SWIFT_OPTIMIZATION_LEVEL = "-O";
				VALIDATE_PRODUCT = YES;
			};
			name = Release;
		};
		110960D828DA1C5C001F0035 /* Debug */ = {
			isa = XCBuildConfiguration;
			baseConfigurationReference = 36F58A5DE73B771C23879AEE /* Pods-HotelDesk.debug.xcconfig */;
			buildSettings = {
				ASSETCATALOG_COMPILER_APPICON_NAME = AppIcon;
				ASSETCATALOG_COMPILER_GLOBAL_ACCENT_COLOR_NAME = AccentColor;
				CODE_SIGN_STYLE = Automatic;
				CURRENT_PROJECT_VERSION = 1;
				GENERATE_INFOPLIST_FILE = YES;
				INFOPLIST_FILE = "HotelDesk/Supporting+files/Info.plist";
				INFOPLIST_KEY_UIApplicationSupportsIndirectInputEvents = YES;
				INFOPLIST_KEY_UILaunchStoryboardName = LaunchScreen;
				INFOPLIST_KEY_UISupportedInterfaceOrientations_iPad = "UIInterfaceOrientationPortrait UIInterfaceOrientationPortraitUpsideDown UIInterfaceOrientationLandscapeLeft UIInterfaceOrientationLandscapeRight";
				INFOPLIST_KEY_UISupportedInterfaceOrientations_iPhone = "UIInterfaceOrientationPortrait UIInterfaceOrientationLandscapeLeft UIInterfaceOrientationLandscapeRight";
				LD_RUNPATH_SEARCH_PATHS = (
					"$(inherited)",
					"@executable_path/Frameworks",
				);
				MARKETING_VERSION = 1.0;
				PRODUCT_BUNDLE_IDENTIFIER = q.HotelDesk;
				PRODUCT_NAME = "$(TARGET_NAME)";
				SWIFT_EMIT_LOC_STRINGS = YES;
				SWIFT_VERSION = 5.0;
				TARGETED_DEVICE_FAMILY = 1;
			};
			name = Debug;
		};
		110960D928DA1C5C001F0035 /* Release */ = {
			isa = XCBuildConfiguration;
			baseConfigurationReference = CE65B1768F4FFD6E4B39B978 /* Pods-HotelDesk.release.xcconfig */;
			buildSettings = {
				ASSETCATALOG_COMPILER_APPICON_NAME = AppIcon;
				ASSETCATALOG_COMPILER_GLOBAL_ACCENT_COLOR_NAME = AccentColor;
				CODE_SIGN_STYLE = Automatic;
				CURRENT_PROJECT_VERSION = 1;
				GENERATE_INFOPLIST_FILE = YES;
				INFOPLIST_FILE = "HotelDesk/Supporting+files/Info.plist";
				INFOPLIST_KEY_UIApplicationSupportsIndirectInputEvents = YES;
				INFOPLIST_KEY_UILaunchStoryboardName = LaunchScreen;
				INFOPLIST_KEY_UISupportedInterfaceOrientations_iPad = "UIInterfaceOrientationPortrait UIInterfaceOrientationPortraitUpsideDown UIInterfaceOrientationLandscapeLeft UIInterfaceOrientationLandscapeRight";
				INFOPLIST_KEY_UISupportedInterfaceOrientations_iPhone = "UIInterfaceOrientationPortrait UIInterfaceOrientationLandscapeLeft UIInterfaceOrientationLandscapeRight";
				LD_RUNPATH_SEARCH_PATHS = (
					"$(inherited)",
					"@executable_path/Frameworks",
				);
				MARKETING_VERSION = 1.0;
				PRODUCT_BUNDLE_IDENTIFIER = q.HotelDesk;
				PRODUCT_NAME = "$(TARGET_NAME)";
				SWIFT_EMIT_LOC_STRINGS = YES;
				SWIFT_VERSION = 5.0;
				TARGETED_DEVICE_FAMILY = 1;
			};
			name = Release;
		};
/* End XCBuildConfiguration section */

/* Begin XCConfigurationList section */
		110960BE28DA1C5A001F0035 /* Build configuration list for PBXProject "HotelDesk" */ = {
			isa = XCConfigurationList;
			buildConfigurations = (
				110960D528DA1C5C001F0035 /* Debug */,
				110960D628DA1C5C001F0035 /* Release */,
			);
			defaultConfigurationIsVisible = 0;
			defaultConfigurationName = Release;
		};
		110960D728DA1C5C001F0035 /* Build configuration list for PBXNativeTarget "HotelDesk" */ = {
			isa = XCConfigurationList;
			buildConfigurations = (
				110960D828DA1C5C001F0035 /* Debug */,
				110960D928DA1C5C001F0035 /* Release */,
			);
			defaultConfigurationIsVisible = 0;
			defaultConfigurationName = Release;
		};
/* End XCConfigurationList section */
	};
	rootObject = 110960BB28DA1C5A001F0035 /* Project object */;
}
